
Microsoft Visual Studio Solution File, Format Version 12.00
# Visual Studio Version 17
VisualStudioVersion = 17.7.34018.315
MinimumVisualStudioVersion = 10.0.40219.1
Project("{FAE04EC0-301F-11D3-BF4B-00C04F79EFBC}") = "OnlineTicariOtomasyon", "OnlineTicariOtomasyon\OnlineTicariOtomasyon.csproj", "{3D570379-FC47-4CC4-89BD-86EDE74FCB98}"
EndProject
Global
	GlobalSection(SolutionConfigurationPlatforms) = preSolution
		Debug|Any CPU = Debug|Any CPU
		Release|Any CPU = Release|Any CPU
	EndGlobalSection
	GlobalSection(ProjectConfigurationPlatforms) = postSolution
		{3D570379-FC47-4CC4-89BD-86EDE74FCB98}.Debug|Any CPU.ActiveCfg = Debug|Any CPU
		{3D570379-FC47-4CC4-89BD-86EDE74FCB98}.Debug|Any CPU.Build.0 = Debug|Any CPU
		{3D570379-FC47-4CC4-89BD-86EDE74FCB98}.Release|Any CPU.ActiveCfg = Release|Any CPU
		{3D570379-FC47-4CC4-89BD-86EDE74FCB98}.Release|Any CPU.Build.0 = Release|Any CPU
	EndGlobalSection
	GlobalSection(SolutionProperties) = preSolution
		HideSolutionNode = FALSE
	EndGlobalSection
	GlobalSection(ExtensibilityGlobals) = postSolution
		SolutionGuid = {D6441322-99B2-43E7-A7C4-79711AB6F94F}
	EndGlobalSection
EndGlobal
